// !$*UTF8*$!
{
	archiveVersion = 1;
	classes = {
	};
	objectVersion = 50;
	objects = {

/* Begin PBXBuildFile section */
		3A50C72724CCA4A60090AB2A /* AppDelegate.swift in Sources */ = {isa = PBXBuildFile; fileRef = 3A50C72624CCA4A60090AB2A /* AppDelegate.swift */; };
		3A50C72924CCA4A60090AB2A /* SceneDelegate.swift in Sources */ = {isa = PBXBuildFile; fileRef = 3A50C72824CCA4A60090AB2A /* SceneDelegate.swift */; };
		3A50C72B24CCA4A60090AB2A /* ViewController.swift in Sources */ = {isa = PBXBuildFile; fileRef = 3A50C72A24CCA4A60090AB2A /* ViewController.swift */; };
		3A50C72E24CCA4A60090AB2A /* Main.storyboard in Resources */ = {isa = PBXBuildFile; fileRef = 3A50C72C24CCA4A60090AB2A /* Main.storyboard */; };
		3A50C73024CCA4A80090AB2A /* Assets.xcassets in Resources */ = {isa = PBXBuildFile; fileRef = 3A50C72F24CCA4A80090AB2A /* Assets.xcassets */; };
		3A50C73324CCA4A80090AB2A /* LaunchScreen.storyboard in Resources */ = {isa = PBXBuildFile; fileRef = 3A50C73124CCA4A80090AB2A /* LaunchScreen.storyboard */; };
		3A50C73E24CCA4A80090AB2A /* tipTests.swift in Sources */ = {isa = PBXBuildFile; fileRef = 3A50C73D24CCA4A80090AB2A /* tipTests.swift */; };
		3A50C74924CCA4A80090AB2A /* tipUITests.swift in Sources */ = {isa = PBXBuildFile; fileRef = 3A50C74824CCA4A80090AB2A /* tipUITests.swift */; };
/* End PBXBuildFile section */

/* Begin PBXContainerItemProxy section */
		3A50C73A24CCA4A80090AB2A /* PBXContainerItemProxy */ = {
			isa = PBXContainerItemProxy;
			containerPortal = 3A50C71B24CCA4A60090AB2A /* Project object */;
			proxyType = 1;
			remoteGlobalIDString = 3A50C72224CCA4A60090AB2A;
			remoteInfo = tip;
		};
		3A50C74524CCA4A80090AB2A /* PBXContainerItemProxy */ = {
			isa = PBXContainerItemProxy;
			containerPortal = 3A50C71B24CCA4A60090AB2A /* Project object */;
			proxyType = 1;
			remoteGlobalIDString = 3A50C72224CCA4A60090AB2A;
			remoteInfo = tip;
		};
/* End PBXContainerItemProxy section */

/* Begin PBXFileReference section */
		3A50C72324CCA4A60090AB2A /* tip.app */ = {isa = PBXFileReference; explicitFileType = wrapper.application; includeInIndex = 0; path = tip.app; sourceTree = BUILT_PRODUCTS_DIR; };
		3A50C72624CCA4A60090AB2A /* AppDelegate.swift */ = {isa = PBXFileReference; lastKnownFileType = sourcecode.swift; path = AppDelegate.swift; sourceTree = "<group>"; };
		3A50C72824CCA4A60090AB2A /* SceneDelegate.swift */ = {isa = PBXFileReference; lastKnownFileType = sourcecode.swift; path = SceneDelegate.swift; sourceTree = "<group>"; };
		3A50C72A24CCA4A60090AB2A /* ViewController.swift */ = {isa = PBXFileReference; lastKnownFileType = sourcecode.swift; path = ViewController.swift; sourceTree = "<group>"; };
		3A50C72D24CCA4A60090AB2A /* Base */ = {isa = PBXFileReference; lastKnownFileType = file.storyboard; name = Base; path = Base.lproj/Main.storyboard; sourceTree = "<group>"; };
		3A50C72F24CCA4A80090AB2A /* Assets.xcassets */ = {isa = PBXFileReference; lastKnownFileType = folder.assetcatalog; path = Assets.xcassets; sourceTree = "<group>"; };
		3A50C73224CCA4A80090AB2A /* Base */ = {isa = PBXFileReference; lastKnownFileType = file.storyboard; name = Base; path = Base.lproj/LaunchScreen.storyboard; sourceTree = "<group>"; };
		3A50C73424CCA4A80090AB2A /* Info.plist */ = {isa = PBXFileReference; lastKnownFileType = text.plist.xml; path = Info.plist; sourceTree = "<group>"; };
		3A50C73924CCA4A80090AB2A /* tipTests.xctest */ = {isa = PBXFileReference; explicitFileType = wrapper.cfbundle; includeInIndex = 0; path = tipTests.xctest; sourceTree = BUILT_PRODUCTS_DIR; };
		3A50C73D24CCA4A80090AB2A /* tipTests.swift */ = {isa = PBXFileReference; lastKnownFileType = sourcecode.swift; path = tipTests.swift; sourceTree = "<group>"; };
		3A50C73F24CCA4A80090AB2A /* Info.plist */ = {isa = PBXFileReference; lastKnownFileType = text.plist.xml; path = Info.plist; sourceTree = "<group>"; };
		3A50C74424CCA4A80090AB2A /* tipUITests.xctest */ = {isa = PBXFileReference; explicitFileType = wrapper.cfbundle; includeInIndex = 0; path = tipUITests.xctest; sourceTree = BUILT_PRODUCTS_DIR; };
		3A50C74824CCA4A80090AB2A /* tipUITests.swift */ = {isa = PBXFileReference; lastKnownFileType = sourcecode.swift; path = tipUITests.swift; sourceTree = "<group>"; };
		3A50C74A24CCA4A80090AB2A /* Info.plist */ = {isa = PBXFileReference; lastKnownFileType = text.plist.xml; path = Info.plist; sourceTree = "<group>"; };
/* End PBXFileReference section */

/* Begin PBXFrameworksBuildPhase section */
		3A50C72024CCA4A60090AB2A /* Frameworks */ = {
			isa = PBXFrameworksBuildPhase;
			buildActionMask = 2147483647;
			files = (
			);
			runOnlyForDeploymentPostprocessing = 0;
		};
		3A50C73624CCA4A80090AB2A /* Frameworks */ = {
			isa = PBXFrameworksBuildPhase;
			buildActionMask = 2147483647;
			files = (
			);
			runOnlyForDeploymentPostprocessing = 0;
		};
		3A50C74124CCA4A80090AB2A /* Frameworks */ = {
			isa = PBXFrameworksBuildPhase;
			buildActionMask = 2147483647;
			files = (
			);
			runOnlyForDeploymentPostprocessing = 0;
		};
/* End PBXFrameworksBuildPhase section */

/* Begin PBXGroup section */
		3A50C71A24CCA4A60090AB2A = {
			isa = PBXGroup;
			children = (
				3A50C72524CCA4A60090AB2A /* tip */,
				3A50C73C24CCA4A80090AB2A /* tipTests */,
				3A50C74724CCA4A80090AB2A /* tipUITests */,
				3A50C72424CCA4A60090AB2A /* Products */,
			);
			sourceTree = "<group>";
		};
		3A50C72424CCA4A60090AB2A /* Products */ = {
			isa = PBXGroup;
			children = (
				3A50C72324CCA4A60090AB2A /* tip.app */,
				3A50C73924CCA4A80090AB2A /* tipTests.xctest */,
				3A50C74424CCA4A80090AB2A /* tipUITests.xctest */,
			);
			name = Products;
			sourceTree = "<group>";
		};
		3A50C72524CCA4A60090AB2A /* tip */ = {
			isa = PBXGroup;
			children = (
				3A50C72624CCA4A60090AB2A /* AppDelegate.swift */,
				3A50C72824CCA4A60090AB2A /* SceneDelegate.swift */,
				3A50C72A24CCA4A60090AB2A /* ViewController.swift */,
				3A50C72C24CCA4A60090AB2A /* Main.storyboard */,
				3A50C72F24CCA4A80090AB2A /* Assets.xcassets */,
				3A50C73124CCA4A80090AB2A /* LaunchScreen.storyboard */,
				3A50C73424CCA4A80090AB2A /* Info.plist */,
			);
			path = tip;
			sourceTree = "<group>";
		};
		3A50C73C24CCA4A80090AB2A /* tipTests */ = {
			isa = PBXGroup;
			children = (
				3A50C73D24CCA4A80090AB2A /* tipTests.swift */,
				3A50C73F24CCA4A80090AB2A /* Info.plist */,
			);
			path = tipTests;
			sourceTree = "<group>";
		};
		3A50C74724CCA4A80090AB2A /* tipUITests */ = {
			isa = PBXGroup;
			children = (
				3A50C74824CCA4A80090AB2A /* tipUITests.swift */,
				3A50C74A24CCA4A80090AB2A /* Info.plist */,
			);
			path = tipUITests;
			sourceTree = "<group>";
		};
/* End PBXGroup section */

/* Begin PBXNativeTarget section */
		3A50C72224CCA4A60090AB2A /* tip */ = {
			isa = PBXNativeTarget;
			buildConfigurationList = 3A50C74D24CCA4A80090AB2A /* Build configuration list for PBXNativeTarget "tip" */;
			buildPhases = (
				3A50C71F24CCA4A60090AB2A /* Sources */,
				3A50C72024CCA4A60090AB2A /* Frameworks */,
				3A50C72124CCA4A60090AB2A /* Resources */,
			);
			buildRules = (
			);
			dependencies = (
			);
			name = tip;
			productName = tip;
			productReference = 3A50C72324CCA4A60090AB2A /* tip.app */;
			productType = "com.apple.product-type.application";
		};
		3A50C73824CCA4A80090AB2A /* tipTests */ = {
			isa = PBXNativeTarget;
			buildConfigurationList = 3A50C75024CCA4A80090AB2A /* Build configuration list for PBXNativeTarget "tipTests" */;
			buildPhases = (
				3A50C73524CCA4A80090AB2A /* Sources */,
				3A50C73624CCA4A80090AB2A /* Frameworks */,
				3A50C73724CCA4A80090AB2A /* Resources */,
			);
			buildRules = (
			);
			dependencies = (
				3A50C73B24CCA4A80090AB2A /* PBXTargetDependency */,
			);
			name = tipTests;
			productName = tipTests;
			productReference = 3A50C73924CCA4A80090AB2A /* tipTests.xctest */;
			productType = "com.apple.product-type.bundle.unit-test";
		};
		3A50C74324CCA4A80090AB2A /* tipUITests */ = {
			isa = PBXNativeTarget;
			buildConfigurationList = 3A50C75324CCA4A80090AB2A /* Build configuration list for PBXNativeTarget "tipUITests" */;
			buildPhases = (
				3A50C74024CCA4A80090AB2A /* Sources */,
				3A50C74124CCA4A80090AB2A /* Frameworks */,
				3A50C74224CCA4A80090AB2A /* Resources */,
			);
			buildRules = (
			);
			dependencies = (
				3A50C74624CCA4A80090AB2A /* PBXTargetDependency */,
			);
			name = tipUITests;
			productName = tipUITests;
			productReference = 3A50C74424CCA4A80090AB2A /* tipUITests.xctest */;
			productType = "com.apple.product-type.bundle.ui-testing";
		};
/* End PBXNativeTarget section */

/* Begin PBXProject section */
		3A50C71B24CCA4A60090AB2A /* Project object */ = {
			isa = PBXProject;
			attributes = {
				LastSwiftUpdateCheck = 1160;
				LastUpgradeCheck = 1160;
				ORGANIZATIONNAME = Codepath;
				TargetAttributes = {
					3A50C72224CCA4A60090AB2A = {
						CreatedOnToolsVersion = 11.6;
					};
					3A50C73824CCA4A80090AB2A = {
						CreatedOnToolsVersion = 11.6;
						TestTargetID = 3A50C72224CCA4A60090AB2A;
					};
					3A50C74324CCA4A80090AB2A = {
						CreatedOnToolsVersion = 11.6;
						TestTargetID = 3A50C72224CCA4A60090AB2A;
					};
				};
			};
			buildConfigurationList = 3A50C71E24CCA4A60090AB2A /* Build configuration list for PBXProject "tip" */;
			compatibilityVersion = "Xcode 9.3";
			developmentRegion = en;
			hasScannedForEncodings = 0;
			knownRegions = (
				en,
				Base,
			);
			mainGroup = 3A50C71A24CCA4A60090AB2A;
			productRefGroup = 3A50C72424CCA4A60090AB2A /* Products */;
			projectDirPath = "";
			projectRoot = "";
			targets = (
				3A50C72224CCA4A60090AB2A /* tip */,
				3A50C73824CCA4A80090AB2A /* tipTests */,
				3A50C74324CCA4A80090AB2A /* tipUITests */,
			);
		};
/* End PBXProject section */

/* Begin PBXResourcesBuildPhase section */
		3A50C72124CCA4A60090AB2A /* Resources */ = {
			isa = PBXResourcesBuildPhase;
			buildActionMask = 2147483647;
			files = (
				3A50C73324CCA4A80090AB2A /* LaunchScreen.storyboard in Resources */,
				3A50C73024CCA4A80090AB2A /* Assets.xcassets in Resources */,
				3A50C72E24CCA4A60090AB2A /* Main.storyboard in Resources */,
			);
			runOnlyForDeploymentPostprocessing = 0;
		};
		3A50C73724CCA4A80090AB2A /* Resources */ = {
			isa = PBXResourcesBuildPhase;
			buildActionMask = 2147483647;
			files = (
			);
			runOnlyForDeploymentPostprocessing = 0;
		};
		3A50C74224CCA4A80090AB2A /* Resources */ = {
			isa = PBXResourcesBuildPhase;
			buildActionMask = 2147483647;
			files = (
			);
			runOnlyForDeploymentPostprocessing = 0;
		};
/* End PBXResourcesBuildPhase section */

/* Begin PBXSourcesBuildPhase section */
		3A50C71F24CCA4A60090AB2A /* Sources */ = {
			isa = PBXSourcesBuildPhase;
			buildActionMask = 2147483647;
			files = (
				3A50C72B24CCA4A60090AB2A /* ViewController.swift in Sources */,
				3A50C72724CCA4A60090AB2A /* AppDelegate.swift in Sources */,
				3A50C72924CCA4A60090AB2A /* SceneDelegate.swift in Sources */,
			);
			runOnlyForDeploymentPostprocessing = 0;
		};
		3A50C73524CCA4A80090AB2A /* Sources */ = {
			isa = PBXSourcesBuildPhase;
			buildActionMask = 2147483647;
			files = (
				3A50C73E24CCA4A80090AB2A /* tipTests.swift in Sources */,
			);
			runOnlyForDeploymentPostprocessing = 0;
		};
		3A50C74024CCA4A80090AB2A /* Sources */ = {
			isa = PBXSourcesBuildPhase;
			buildActionMask = 2147483647;
			files = (
				3A50C74924CCA4A80090AB2A /* tipUITests.swift in Sources */,
			);
			runOnlyForDeploymentPostprocessing = 0;
		};
/* End PBXSourcesBuildPhase section */

/* Begin PBXTargetDependency section */
		3A50C73B24CCA4A80090AB2A /* PBXTargetDependency */ = {
			isa = PBXTargetDependency;
			target = 3A50C72224CCA4A60090AB2A /* tip */;
			targetProxy = 3A50C73A24CCA4A80090AB2A /* PBXContainerItemProxy */;
		};
		3A50C74624CCA4A80090AB2A /* PBXTargetDependency */ = {
			isa = PBXTargetDependency;
			target = 3A50C72224CCA4A60090AB2A /* tip */;
			targetProxy = 3A50C74524CCA4A80090AB2A /* PBXContainerItemProxy */;
		};
/* End PBXTargetDependency section */

/* Begin PBXVariantGroup section */
		3A50C72C24CCA4A60090AB2A /* Main.storyboard */ = {
			isa = PBXVariantGroup;
			children = (
				3A50C72D24CCA4A60090AB2A /* Base */,
			);
			name = Main.storyboard;
			sourceTree = "<group>";
		};
		3A50C73124CCA4A80090AB2A /* LaunchScreen.storyboard */ = {
			isa = PBXVariantGroup;
			children = (
				3A50C73224CCA4A80090AB2A /* Base */,
			);
			name = LaunchScreen.storyboard;
			sourceTree = "<group>";
		};
/* End PBXVariantGroup section */

/* Begin XCBuildConfiguration section */
		3A50C74B24CCA4A80090AB2A /* Debug */ = {
			isa = XCBuildConfiguration;
			buildSettings = {
				ALWAYS_SEARCH_USER_PATHS = NO;
				CLANG_ANALYZER_NONNULL = YES;
				CLANG_ANALYZER_NUMBER_OBJECT_CONVERSION = YES_AGGRESSIVE;
				CLANG_CXX_LANGUAGE_STANDARD = "gnu++14";
				CLANG_CXX_LIBRARY = "libc++";
				CLANG_ENABLE_MODULES = YES;
				CLANG_ENABLE_OBJC_ARC = YES;
				CLANG_ENABLE_OBJC_WEAK = YES;
				CLANG_WARN_BLOCK_CAPTURE_AUTORELEASING = YES;
				CLANG_WARN_BOOL_CONVERSION = YES;
				CLANG_WARN_COMMA = YES;
				CLANG_WARN_CONSTANT_CONVERSION = YES;
				CLANG_WARN_DEPRECATED_OBJC_IMPLEMENTATIONS = YES;
				CLANG_WARN_DIRECT_OBJC_ISA_USAGE = YES_ERROR;
				CLANG_WARN_DOCUMENTATION_COMMENTS = YES;
				CLANG_WARN_EMPTY_BODY = YES;
				CLANG_WARN_ENUM_CONVERSION = YES;
				CLANG_WARN_INFINITE_RECURSION = YES;
				CLANG_WARN_INT_CONVERSION = YES;
				CLANG_WARN_NON_LITERAL_NULL_CONVERSION = YES;
				CLANG_WARN_OBJC_IMPLICIT_RETAIN_SELF = YES;
				CLANG_WARN_OBJC_LITERAL_CONVERSION = YES;
				CLANG_WARN_OBJC_ROOT_CLASS = YES_ERROR;
				CLANG_WARN_RANGE_LOOP_ANALYSIS = YES;
				CLANG_WARN_STRICT_PROTOTYPES = YES;
				CLANG_WARN_SUSPICIOUS_MOVE = YES;
				CLANG_WARN_UNGUARDED_AVAILABILITY = YES_AGGRESSIVE;
				CLANG_WARN_UNREACHABLE_CODE = YES;
				CLANG_WARN__DUPLICATE_METHOD_MATCH = YES;
				COPY_PHASE_STRIP = NO;
				DEBUG_INFORMATION_FORMAT = dwarf;
				ENABLE_STRICT_OBJC_MSGSEND = YES;
				ENABLE_TESTABILITY = YES;
				GCC_C_LANGUAGE_STANDARD = gnu11;
				GCC_DYNAMIC_NO_PIC = NO;
				GCC_NO_COMMON_BLOCKS = YES;
				GCC_OPTIMIZATION_LEVEL = 0;
				GCC_PREPROCESSOR_DEFINITIONS = (
					"DEBUG=1",
					"$(inherited)",
				);
				GCC_WARN_64_TO_32_BIT_CONVERSION = YES;
				GCC_WARN_ABOUT_RETURN_TYPE = YES_ERROR;
				GCC_WARN_UNDECLARED_SELECTOR = YES;
				GCC_WARN_UNINITIALIZED_AUTOS = YES_AGGRESSIVE;
				GCC_WARN_UNUSED_FUNCTION = YES;
				GCC_WARN_UNUSED_VARIABLE = YES;
				IPHONEOS_DEPLOYMENT_TARGET = 13.6;
				MTL_ENABLE_DEBUG_INFO = INCLUDE_SOURCE;
				MTL_FAST_MATH = YES;
				ONLY_ACTIVE_ARCH = YES;
				SDKROOT = iphoneos;
				SWIFT_ACTIVE_COMPILATION_CONDITIONS = DEBUG;
				SWIFT_OPTIMIZATION_LEVEL = "-Onone";
			};
			name = Debug;
		};
		3A50C74C24CCA4A80090AB2A /* Release */ = {
			isa = XCBuildConfiguration;
			buildSettings = {
				ALWAYS_SEARCH_USER_PATHS = NO;
				CLANG_ANALYZER_NONNULL = YES;
				CLANG_ANALYZER_NUMBER_OBJECT_CONVERSION = YES_AGGRESSIVE;
				CLANG_CXX_LANGUAGE_STANDARD = "gnu++14";
				CLANG_CXX_LIBRARY = "libc++";
				CLANG_ENABLE_MODULES = YES;
				CLANG_ENABLE_OBJC_ARC = YES;
				CLANG_ENABLE_OBJC_WEAK = YES;
				CLANG_WARN_BLOCK_CAPTURE_AUTORELEASING = YES;
				CLANG_WARN_BOOL_CONVERSION = YES;
				CLANG_WARN_COMMA = YES;
				CLANG_WARN_CONSTANT_CONVERSION = YES;
				CLANG_WARN_DEPRECATED_OBJC_IMPLEMENTATIONS = YES;
				CLANG_WARN_DIRECT_OBJC_ISA_USAGE = YES_ERROR;
				CLANG_WARN_DOCUMENTATION_COMMENTS = YES;
				CLANG_WARN_EMPTY_BODY = YES;
				CLANG_WARN_ENUM_CONVERSION = YES;
				CLANG_WARN_INFINITE_RECURSION = YES;
				CLANG_WARN_INT_CONVERSION = YES;
				CLANG_WARN_NON_LITERAL_NULL_CONVERSION = YES;
				CLANG_WARN_OBJC_IMPLICIT_RETAIN_SELF = YES;
				CLANG_WARN_OBJC_LITERAL_CONVERSION = YES;
				CLANG_WARN_OBJC_ROOT_CLASS = YES_ERROR;
				CLANG_WARN_RANGE_LOOP_ANALYSIS = YES;
				CLANG_WARN_STRICT_PROTOTYPES = YES;
				CLANG_WARN_SUSPICIOUS_MOVE = YES;
				CLANG_WARN_UNGUARDED_AVAILABILITY = YES_AGGRESSIVE;
				CLANG_WARN_UNREACHABLE_CODE = YES;
				CLANG_WARN__DUPLICATE_METHOD_MATCH = YES;
				COPY_PHASE_STRIP = NO;
				DEBUG_INFORMATION_FORMAT = "dwarf-with-dsym";
				ENABLE_NS_ASSERTIONS = NO;
				ENABLE_STRICT_OBJC_MSGSEND = YES;
				GCC_C_LANGUAGE_STANDARD = gnu11;
				GCC_NO_COMMON_BLOCKS = YES;
				GCC_WARN_64_TO_32_BIT_CONVERSION = YES;
				GCC_WARN_ABOUT_RETURN_TYPE = YES_ERROR;
				GCC_WARN_UNDECLARED_SELECTOR = YES;
				GCC_WARN_UNINITIALIZED_AUTOS = YES_AGGRESSIVE;
				GCC_WARN_UNUSED_FUNCTION = YES;
				GCC_WARN_UNUSED_VARIABLE = YES;
				IPHONEOS_DEPLOYMENT_TARGET = 13.6;
				MTL_ENABLE_DEBUG_INFO = NO;
				MTL_FAST_MATH = YES;
				SDKROOT = iphoneos;
				SWIFT_COMPILATION_MODE = wholemodule;
				SWIFT_OPTIMIZATION_LEVEL = "-O";
				VALIDATE_PRODUCT = YES;
			};
			name = Release;
		};
		3A50C74E24CCA4A80090AB2A /* Debug */ = {
			isa = XCBuildConfiguration;
			buildSettings = {
				ASSETCATALOG_COMPILER_APPICON_NAME = AppIcon;
				CODE_SIGN_STYLE = Automatic;
				INFOPLIST_FILE = tip/Info.plist;
				LD_RUNPATH_SEARCH_PATHS = (
					"$(inherited)",
					"@executable_path/Frameworks",
				);
				PRODUCT_BUNDLE_IDENTIFIER = Codepath.tip;
				PRODUCT_NAME = "$(TARGET_NAME)";
				SWIFT_VERSION = 5.0;
				TARGETED_DEVICE_FAMILY = "1,2";
			};
			name = Debug;
		};
		3A50C74F24CCA4A80090AB2A /* Release */ = {
			isa = XCBuildConfiguration;
			buildSettings = {
				ASSETCATALOG_COMPILER_APPICON_NAME = AppIcon;
				CODE_SIGN_STYLE = Automatic;
				INFOPLIST_FILE = tip/Info.plist;
				LD_RUNPATH_SEARCH_PATHS = (
					"$(inherited)",
					"@executable_path/Frameworks",
				);
				PRODUCT_BUNDLE_IDENTIFIER = Codepath.tip;
				PRODUCT_NAME = "$(TARGET_NAME)";
				SWIFT_VERSION = 5.0;
				TARGETED_DEVICE_FAMILY = "1,2";
			};
			name = Release;
		};
		3A50C75124CCA4A80090AB2A /* Debug */ = {
			isa = XCBuildConfiguration;
			buildSettings = {
				ALWAYS_EMBED_SWIFT_STANDARD_LIBRARIES = YES;
				BUNDLE_LOADER = "$(TEST_HOST)";
				CODE_SIGN_STYLE = Automatic;
				INFOPLIST_FILE = tipTests/Info.plist;
				IPHONEOS_DEPLOYMENT_TARGET = 13.6;
				LD_RUNPATH_SEARCH_PATHS = (
					"$(inherited)",
					"@executable_path/Frameworks",
					"@loader_path/Frameworks",
				);
				PRODUCT_BUNDLE_IDENTIFIER = Codepath.tipTests;
				PRODUCT_NAME = "$(TARGET_NAME)";
				SWIFT_VERSION = 5.0;
				TARGETED_DEVICE_FAMILY = "1,2";
				TEST_HOST = "$(BUILT_PRODUCTS_DIR)/tip.app/tip";
			};
			name = Debug;
		};
		3A50C75224CCA4A80090AB2A /* Release */ = {
			isa = XCBuildConfiguration;
			buildSettings = {
				ALWAYS_EMBED_SWIFT_STANDARD_LIBRARIES = YES;
				BUNDLE_LOADER = "$(TEST_HOST)";
				CODE_SIGN_STYLE = Automatic;
				INFOPLIST_FILE = tipTests/Info.plist;
				IPHONEOS_DEPLOYMENT_TARGET = 13.6;
				LD_RUNPATH_SEARCH_PATHS = (
					"$(inherited)",
					"@executable_path/Frameworks",
					"@loader_path/Frameworks",
				);
				PRODUCT_BUNDLE_IDENTIFIER = Codepath.tipTests;
				PRODUCT_NAME = "$(TARGET_NAME)";
				SWIFT_VERSION = 5.0;
				TARGETED_DEVICE_FAMILY = "1,2";
				TEST_HOST = "$(BUILT_PRODUCTS_DIR)/tip.app/tip";
			};
			name = Release;
		};
		3A50C75424CCA4A80090AB2A /* Debug */ = {
			isa = XCBuildConfiguration;
			buildSettings = {
				ALWAYS_EMBED_SWIFT_STANDARD_LIBRARIES = YES;
				CODE_SIGN_STYLE = Automatic;
				INFOPLIST_FILE = tipUITests/Info.plist;
				LD_RUNPATH_SEARCH_PATHS = (
					"$(inherited)",
					"@executable_path/Frameworks",
					"@loader_path/Frameworks",
				);
				PRODUCT_BUNDLE_IDENTIFIER = Codepath.tipUITests;
				PRODUCT_NAME = "$(TARGET_NAME)";
				SWIFT_VERSION = 5.0;
				TARGETED_DEVICE_FAMILY = "1,2";
				TEST_TARGET_NAME = tip;
			};
			name = Debug;
		};
		3A50C75524CCA4A80090AB2A /* Release */ = {
			isa = XCBuildConfiguration;
			buildSettings = {
				ALWAYS_EMBED_SWIFT_STANDARD_LIBRARIES = YES;
				CODE_SIGN_STYLE = Automatic;
				INFOPLIST_FILE = tipUITests/Info.plist;
				LD_RUNPATH_SEARCH_PATHS = (
					"$(inherited)",
					"@executable_path/Frameworks",
					"@loader_path/Frameworks",
				);
				PRODUCT_BUNDLE_IDENTIFIER = Codepath.tipUITests;
				PRODUCT_NAME = "$(TARGET_NAME)";
				SWIFT_VERSION = 5.0;
				TARGETED_DEVICE_FAMILY = "1,2";
				TEST_TARGET_NAME = tip;
			};
			name = Release;
		};
/* End XCBuildConfiguration section */

/* Begin XCConfigurationList section */
		3A50C71E24CCA4A60090AB2A /* Build configuration list for PBXProject "tip" */ = {
			isa = XCConfigurationList;
			buildConfigurations = (
				3A50C74B24CCA4A80090AB2A /* Debug */,
				3A50C74C24CCA4A80090AB2A /* Release */,
			);
			defaultConfigurationIsVisible = 0;
			defaultConfigurationName = Release;
		};
		3A50C74D24CCA4A80090AB2A /* Build configuration list for PBXNativeTarget "tip" */ = {
			isa = XCConfigurationList;
			buildConfigurations = (
				3A50C74E24CCA4A80090AB2A /* Debug */,
				3A50C74F24CCA4A80090AB2A /* Release */,
			);
			defaultConfigurationIsVisible = 0;
			defaultConfigurationName = Release;
		};
		3A50C75024CCA4A80090AB2A /* Build configuration list for PBXNativeTarget "tipTests" */ = {
			isa = XCConfigurationList;
			buildConfigurations = (
				3A50C75124CCA4A80090AB2A /* Debug */,
				3A50C75224CCA4A80090AB2A /* Release */,
			);
			defaultConfigurationIsVisible = 0;
			defaultConfigurationName = Release;
		};
		3A50C75324CCA4A80090AB2A /* Build configuration list for PBXNativeTarget "tipUITests" */ = {
			isa = XCConfigurationList;
			buildConfigurations = (
				3A50C75424CCA4A80090AB2A /* Debug */,
				3A50C75524CCA4A80090AB2A /* Release */,
			);
			defaultConfigurationIsVisible = 0;
			defaultConfigurationName = Release;
		};
/* End XCConfigurationList section */
	};
	rootObject = 3A50C71B24CCA4A60090AB2A /* Project object */;
}
